
Microsoft Visual Studio Solution File, Format Version 12.00
# Visual Studio Version 17
VisualStudioVersion = 17.5.33627.172
MinimumVisualStudioVersion = 10.0.40219.1
Project("{9A19103F-16F7-4668-BE54-9A1E7A4F7556}") = "AngularAuthApi", "AngularAuthApi\AngularAuthApi.csproj", "{2AA657A2-B311-4587-8455-1038FF9E7847}"
EndProject
Global
	GlobalSection(SolutionConfigurationPlatforms) = preSolution
		Debug|Any CPU = Debug|Any CPU
		Release|Any CPU = Release|Any CPU
	EndGlobalSection
	GlobalSection(ProjectConfigurationPlatforms) = postSolution
		{2AA657A2-B311-4587-8455-1038FF9E7847}.Debug|Any CPU.ActiveCfg = Debug|Any CPU
		{2AA657A2-B311-4587-8455-1038FF9E7847}.Debug|Any CPU.Build.0 = Debug|Any CPU
		{2AA657A2-B311-4587-8455-1038FF9E7847}.Release|Any CPU.ActiveCfg = Release|Any CPU
		{2AA657A2-B311-4587-8455-1038FF9E7847}.Release|Any CPU.Build.0 = Release|Any CPU
	EndGlobalSection
	GlobalSection(SolutionProperties) = preSolution
		HideSolutionNode = FALSE
	EndGlobalSection
	GlobalSection(ExtensibilityGlobals) = postSolution
		SolutionGuid = {3404E25F-EE25-4618-8DDF-789EEFDE110E}
	EndGlobalSection
EndGlobal
